
Microsoft Visual Studio Solution File, Format Version 12.00
# Visual Studio Version 17
VisualStudioVersion = 17.14.36301.6
MinimumVisualStudioVersion = 10.0.40219.1
Project("{FAE04EC0-301F-11D3-BF4B-00C04F79EFBC}") = "Mock.Gateway", "Mock.Gateway\Mock.Gateway.csproj", "{DECBDDEE-D07C-47AB-ADE8-6C720464D5B7}"
EndProject
Global
	GlobalSection(SolutionConfigurationPlatforms) = preSolution
		Debug|Any CPU = Debug|Any CPU
		Release|Any CPU = Release|Any CPU
	EndGlobalSection
	GlobalSection(ProjectConfigurationPlatforms) = postSolution
		{DECBDDEE-D07C-47AB-ADE8-6C720464D5B7}.Debug|Any CPU.ActiveCfg = Debug|Any CPU
		{DECBDDEE-D07C-47AB-ADE8-6C720464D5B7}.Debug|Any CPU.Build.0 = Debug|Any CPU
		{DECBDDEE-D07C-47AB-ADE8-6C720464D5B7}.Release|Any CPU.ActiveCfg = Release|Any CPU
		{DECBDDEE-D07C-47AB-ADE8-6C720464D5B7}.Release|Any CPU.Build.0 = Release|Any CPU
	EndGlobalSection
	GlobalSection(SolutionProperties) = preSolution
		HideSolutionNode = FALSE
	EndGlobalSection
	GlobalSection(ExtensibilityGlobals) = postSolution
		SolutionGuid = {785A5052-D3C4-42C5-AF04-21118667071A}
	EndGlobalSection
EndGlobal
